
Microsoft Visual Studio Solution File, Format Version 12.00
# Visual Studio Version 17
VisualStudioVersion = 17.0.31903.59
MinimumVisualStudioVersion = 10.0.40219.1
Project("{FAE04EC0-301F-11D3-BF4B-00C04F79EFBC}") = "Real-time-weather-monitoring-Test", "Real-time-weather-monitoring-Test\Real-time-weather-monitoring-Test.csproj", "{FD7B4721-DCE8-4951-ABCA-5CF16642C0E3}"
EndProject
Project("{FAE04EC0-301F-11D3-BF4B-00C04F79EFBC}") = "Real-time weather monitoring", "..\Real-time weather monitoring\Real-time weather monitoring\Real-time weather monitoring.csproj", "{5826744E-E7CF-4BA7-9524-7ECAB3118E36}"
EndProject
Global
	GlobalSection(SolutionConfigurationPlatforms) = preSolution
		Debug|Any CPU = Debug|Any CPU
		Release|Any CPU = Release|Any CPU
	EndGlobalSection
	GlobalSection(SolutionProperties) = preSolution
		HideSolutionNode = FALSE
	EndGlobalSection
	GlobalSection(ProjectConfigurationPlatforms) = postSolution
		{FD7B4721-DCE8-4951-ABCA-5CF16642C0E3}.Debug|Any CPU.ActiveCfg = Debug|Any CPU
		{FD7B4721-DCE8-4951-ABCA-5CF16642C0E3}.Debug|Any CPU.Build.0 = Debug|Any CPU
		{FD7B4721-DCE8-4951-ABCA-5CF16642C0E3}.Release|Any CPU.ActiveCfg = Release|Any CPU
		{FD7B4721-DCE8-4951-ABCA-5CF16642C0E3}.Release|Any CPU.Build.0 = Release|Any CPU
		{5826744E-E7CF-4BA7-9524-7ECAB3118E36}.Debug|Any CPU.ActiveCfg = Debug|Any CPU
		{5826744E-E7CF-4BA7-9524-7ECAB3118E36}.Debug|Any CPU.Build.0 = Debug|Any CPU
		{5826744E-E7CF-4BA7-9524-7ECAB3118E36}.Release|Any CPU.ActiveCfg = Release|Any CPU
		{5826744E-E7CF-4BA7-9524-7ECAB3118E36}.Release|Any CPU.Build.0 = Release|Any CPU
	EndGlobalSection
EndGlobal
